// !$*UTF8*$!
{
	archiveVersion = 1;
	classes = {
	};
	objectVersion = 56;
	objects = {

/* Begin PBXBuildFile section */
		88FD685D2B340D5100ACF4F6 /* swiftUI_playgroundApp.swift in Sources */ = {isa = PBXBuildFile; fileRef = 88FD685C2B340D5100ACF4F6 /* swiftUI_playgroundApp.swift */; };
		88FD685F2B340D5100ACF4F6 /* ContentView.swift in Sources */ = {isa = PBXBuildFile; fileRef = 88FD685E2B340D5100ACF4F6 /* ContentView.swift */; };
		88FD68612B340D5400ACF4F6 /* Assets.xcassets in Resources */ = {isa = PBXBuildFile; fileRef = 88FD68602B340D5400ACF4F6 /* Assets.xcassets */; };
		88FD68642B340D5400ACF4F6 /* Preview Assets.xcassets in Resources */ = {isa = PBXBuildFile; fileRef = 88FD68632B340D5400ACF4F6 /* Preview Assets.xcassets */; };
		88FD686E2B340D5400ACF4F6 /* swiftUI_playgroundTests.swift in Sources */ = {isa = PBXBuildFile; fileRef = 88FD686D2B340D5400ACF4F6 /* swiftUI_playgroundTests.swift */; };
		88FD68782B340D5400ACF4F6 /* swiftUI_playgroundUITests.swift in Sources */ = {isa = PBXBuildFile; fileRef = 88FD68772B340D5400ACF4F6 /* swiftUI_playgroundUITests.swift */; };
		88FD687A2B340D5400ACF4F6 /* swiftUI_playgroundUITestsLaunchTests.swift in Sources */ = {isa = PBXBuildFile; fileRef = 88FD68792B340D5400ACF4F6 /* swiftUI_playgroundUITestsLaunchTests.swift */; };
/* End PBXBuildFile section */

/* Begin PBXContainerItemProxy section */
		88FD686A2B340D5400ACF4F6 /* PBXContainerItemProxy */ = {
			isa = PBXContainerItemProxy;
			containerPortal = 88FD68512B340D5100ACF4F6 /* Project object */;
			proxyType = 1;
			remoteGlobalIDString = 88FD68582B340D5100ACF4F6;
			remoteInfo = "swiftUI-playground";
		};
		88FD68742B340D5400ACF4F6 /* PBXContainerItemProxy */ = {
			isa = PBXContainerItemProxy;
			containerPortal = 88FD68512B340D5100ACF4F6 /* Project object */;
			proxyType = 1;
			remoteGlobalIDString = 88FD68582B340D5100ACF4F6;
			remoteInfo = "swiftUI-playground";
		};
/* End PBXContainerItemProxy section */

/* Begin PBXFileReference section */
		88FD68592B340D5100ACF4F6 /* swiftUI-playground.app */ = {isa = PBXFileReference; explicitFileType = wrapper.application; includeInIndex = 0; path = "swiftUI-playground.app"; sourceTree = BUILT_PRODUCTS_DIR; };
		88FD685C2B340D5100ACF4F6 /* swiftUI_playgroundApp.swift */ = {isa = PBXFileReference; lastKnownFileType = sourcecode.swift; path = swiftUI_playgroundApp.swift; sourceTree = "<group>"; };
		88FD685E2B340D5100ACF4F6 /* ContentView.swift */ = {isa = PBXFileReference; lastKnownFileType = sourcecode.swift; path = ContentView.swift; sourceTree = "<group>"; };
		88FD68602B340D5400ACF4F6 /* Assets.xcassets */ = {isa = PBXFileReference; lastKnownFileType = folder.assetcatalog; path = Assets.xcassets; sourceTree = "<group>"; };
		88FD68632B340D5400ACF4F6 /* Preview Assets.xcassets */ = {isa = PBXFileReference; lastKnownFileType = folder.assetcatalog; path = "Preview Assets.xcassets"; sourceTree = "<group>"; };
		88FD68692B340D5400ACF4F6 /* swiftUI-playgroundTests.xctest */ = {isa = PBXFileReference; explicitFileType = wrapper.cfbundle; includeInIndex = 0; path = "swiftUI-playgroundTests.xctest"; sourceTree = BUILT_PRODUCTS_DIR; };
		88FD686D2B340D5400ACF4F6 /* swiftUI_playgroundTests.swift */ = {isa = PBXFileReference; lastKnownFileType = sourcecode.swift; path = swiftUI_playgroundTests.swift; sourceTree = "<group>"; };
		88FD68732B340D5400ACF4F6 /* swiftUI-playgroundUITests.xctest */ = {isa = PBXFileReference; explicitFileType = wrapper.cfbundle; includeInIndex = 0; path = "swiftUI-playgroundUITests.xctest"; sourceTree = BUILT_PRODUCTS_DIR; };
		88FD68772B340D5400ACF4F6 /* swiftUI_playgroundUITests.swift */ = {isa = PBXFileReference; lastKnownFileType = sourcecode.swift; path = swiftUI_playgroundUITests.swift; sourceTree = "<group>"; };
		88FD68792B340D5400ACF4F6 /* swiftUI_playgroundUITestsLaunchTests.swift */ = {isa = PBXFileReference; lastKnownFileType = sourcecode.swift; path = swiftUI_playgroundUITestsLaunchTests.swift; sourceTree = "<group>"; };
/* End PBXFileReference section */

/* Begin PBXFrameworksBuildPhase section */
		88FD68562B340D5100ACF4F6 /* Frameworks */ = {
			isa = PBXFrameworksBuildPhase;
			buildActionMask = 2147483647;
			files = (
			);
			runOnlyForDeploymentPostprocessing = 0;
		};
		88FD68662B340D5400ACF4F6 /* Frameworks */ = {
			isa = PBXFrameworksBuildPhase;
			buildActionMask = 2147483647;
			files = (
			);
			runOnlyForDeploymentPostprocessing = 0;
		};
		88FD68702B340D5400ACF4F6 /* Frameworks */ = {
			isa = PBXFrameworksBuildPhase;
			buildActionMask = 2147483647;
			files = (
			);
			runOnlyForDeploymentPostprocessing = 0;
		};
/* End PBXFrameworksBuildPhase section */

/* Begin PBXGroup section */
		88FD68502B340D5100ACF4F6 = {
			isa = PBXGroup;
			children = (
				88FD685B2B340D5100ACF4F6 /* swiftUI-playground */,
				88FD686C2B340D5400ACF4F6 /* swiftUI-playgroundTests */,
				88FD68762B340D5400ACF4F6 /* swiftUI-playgroundUITests */,
				88FD685A2B340D5100ACF4F6 /* Products */,
			);
			sourceTree = "<group>";
		};
		88FD685A2B340D5100ACF4F6 /* Products */ = {
			isa = PBXGroup;
			children = (
				88FD68592B340D5100ACF4F6 /* swiftUI-playground.app */,
				88FD68692B340D5400ACF4F6 /* swiftUI-playgroundTests.xctest */,
				88FD68732B340D5400ACF4F6 /* swiftUI-playgroundUITests.xctest */,
			);
			name = Products;
			sourceTree = "<group>";
		};
		88FD685B2B340D5100ACF4F6 /* swiftUI-playground */ = {
			isa = PBXGroup;
			children = (
				88FD685C2B340D5100ACF4F6 /* swiftUI_playgroundApp.swift */,
				88FD685E2B340D5100ACF4F6 /* ContentView.swift */,
				88FD68602B340D5400ACF4F6 /* Assets.xcassets */,
				88FD68622B340D5400ACF4F6 /* Preview Content */,
			);
			path = "swiftUI-playground";
			sourceTree = "<group>";
		};
		88FD68622B340D5400ACF4F6 /* Preview Content */ = {
			isa = PBXGroup;
			children = (
				88FD68632B340D5400ACF4F6 /* Preview Assets.xcassets */,
			);
			path = "Preview Content";
			sourceTree = "<group>";
		};
		88FD686C2B340D5400ACF4F6 /* swiftUI-playgroundTests */ = {
			isa = PBXGroup;
			children = (
				88FD686D2B340D5400ACF4F6 /* swiftUI_playgroundTests.swift */,
			);
			path = "swiftUI-playgroundTests";
			sourceTree = "<group>";
		};
		88FD68762B340D5400ACF4F6 /* swiftUI-playgroundUITests */ = {
			isa = PBXGroup;
			children = (
				88FD68772B340D5400ACF4F6 /* swiftUI_playgroundUITests.swift */,
				88FD68792B340D5400ACF4F6 /* swiftUI_playgroundUITestsLaunchTests.swift */,
			);
			path = "swiftUI-playgroundUITests";
			sourceTree = "<group>";
		};
/* End PBXGroup section */

/* Begin PBXNativeTarget section */
		88FD68582B340D5100ACF4F6 /* swiftUI-playground */ = {
			isa = PBXNativeTarget;
			buildConfigurationList = 88FD687D2B340D5400ACF4F6 /* Build configuration list for PBXNativeTarget "swiftUI-playground" */;
			buildPhases = (
				88FD68552B340D5100ACF4F6 /* Sources */,
				88FD68562B340D5100ACF4F6 /* Frameworks */,
				88FD68572B340D5100ACF4F6 /* Resources */,
			);
			buildRules = (
			);
			dependencies = (
			);
			name = "swiftUI-playground";
			productName = "swiftUI-playground";
			productReference = 88FD68592B340D5100ACF4F6 /* swiftUI-playground.app */;
			productType = "com.apple.product-type.application";
		};
		88FD68682B340D5400ACF4F6 /* swiftUI-playgroundTests */ = {
			isa = PBXNativeTarget;
			buildConfigurationList = 88FD68802B340D5400ACF4F6 /* Build configuration list for PBXNativeTarget "swiftUI-playgroundTests" */;
			buildPhases = (
				88FD68652B340D5400ACF4F6 /* Sources */,
				88FD68662B340D5400ACF4F6 /* Frameworks */,
				88FD68672B340D5400ACF4F6 /* Resources */,
			);
			buildRules = (
			);
			dependencies = (
				88FD686B2B340D5400ACF4F6 /* PBXTargetDependency */,
			);
			name = "swiftUI-playgroundTests";
			productName = "swiftUI-playgroundTests";
			productReference = 88FD68692B340D5400ACF4F6 /* swiftUI-playgroundTests.xctest */;
			productType = "com.apple.product-type.bundle.unit-test";
		};
		88FD68722B340D5400ACF4F6 /* swiftUI-playgroundUITests */ = {
			isa = PBXNativeTarget;
			buildConfigurationList = 88FD68832B340D5400ACF4F6 /* Build configuration list for PBXNativeTarget "swiftUI-playgroundUITests" */;
			buildPhases = (
				88FD686F2B340D5400ACF4F6 /* Sources */,
				88FD68702B340D5400ACF4F6 /* Frameworks */,
				88FD68712B340D5400ACF4F6 /* Resources */,
			);
			buildRules = (
			);
			dependencies = (
				88FD68752B340D5400ACF4F6 /* PBXTargetDependency */,
			);
			name = "swiftUI-playgroundUITests";
			productName = "swiftUI-playgroundUITests";
			productReference = 88FD68732B340D5400ACF4F6 /* swiftUI-playgroundUITests.xctest */;
			productType = "com.apple.product-type.bundle.ui-testing";
		};
/* End PBXNativeTarget section */

/* Begin PBXProject section */
		88FD68512B340D5100ACF4F6 /* Project object */ = {
			isa = PBXProject;
			attributes = {
				BuildIndependentTargetsInParallel = 1;
				LastSwiftUpdateCheck = 1500;
				LastUpgradeCheck = 1500;
				TargetAttributes = {
					88FD68582B340D5100ACF4F6 = {
						CreatedOnToolsVersion = 15.0.1;
					};
					88FD68682B340D5400ACF4F6 = {
						CreatedOnToolsVersion = 15.0.1;
						TestTargetID = 88FD68582B340D5100ACF4F6;
					};
					88FD68722B340D5400ACF4F6 = {
						CreatedOnToolsVersion = 15.0.1;
						TestTargetID = 88FD68582B340D5100ACF4F6;
					};
				};
			};
			buildConfigurationList = 88FD68542B340D5100ACF4F6 /* Build configuration list for PBXProject "swiftUI-playground" */;
			compatibilityVersion = "Xcode 14.0";
			developmentRegion = en;
			hasScannedForEncodings = 0;
			knownRegions = (
				en,
				Base,
			);
			mainGroup = 88FD68502B340D5100ACF4F6;
			productRefGroup = 88FD685A2B340D5100ACF4F6 /* Products */;
			projectDirPath = "";
			projectRoot = "";
			targets = (
				88FD68582B340D5100ACF4F6 /* swiftUI-playground */,
				88FD68682B340D5400ACF4F6 /* swiftUI-playgroundTests */,
				88FD68722B340D5400ACF4F6 /* swiftUI-playgroundUITests */,
			);
		};
/* End PBXProject section */

/* Begin PBXResourcesBuildPhase section */
		88FD68572B340D5100ACF4F6 /* Resources */ = {
			isa = PBXResourcesBuildPhase;
			buildActionMask = 2147483647;
			files = (
				88FD68642B340D5400ACF4F6 /* Preview Assets.xcassets in Resources */,
				88FD68612B340D5400ACF4F6 /* Assets.xcassets in Resources */,
			);
			runOnlyForDeploymentPostprocessing = 0;
		};
		88FD68672B340D5400ACF4F6 /* Resources */ = {
			isa = PBXResourcesBuildPhase;
			buildActionMask = 2147483647;
			files = (
			);
			runOnlyForDeploymentPostprocessing = 0;
		};
		88FD68712B340D5400ACF4F6 /* Resources */ = {
			isa = PBXResourcesBuildPhase;
			buildActionMask = 2147483647;
			files = (
			);
			runOnlyForDeploymentPostprocessing = 0;
		};
/* End PBXResourcesBuildPhase section */

/* Begin PBXSourcesBuildPhase section */
		88FD68552B340D5100ACF4F6 /* Sources */ = {
			isa = PBXSourcesBuildPhase;
			buildActionMask = 2147483647;
			files = (
				88FD685F2B340D5100ACF4F6 /* ContentView.swift in Sources */,
				88FD685D2B340D5100ACF4F6 /* swiftUI_playgroundApp.swift in Sources */,
			);
			runOnlyForDeploymentPostprocessing = 0;
		};
		88FD68652B340D5400ACF4F6 /* Sources */ = {
			isa = PBXSourcesBuildPhase;
			buildActionMask = 2147483647;
			files = (
				88FD686E2B340D5400ACF4F6 /* swiftUI_playgroundTests.swift in Sources */,
			);
			runOnlyForDeploymentPostprocessing = 0;
		};
		88FD686F2B340D5400ACF4F6 /* Sources */ = {
			isa = PBXSourcesBuildPhase;
			buildActionMask = 2147483647;
			files = (
				88FD68782B340D5400ACF4F6 /* swiftUI_playgroundUITests.swift in Sources */,
				88FD687A2B340D5400ACF4F6 /* swiftUI_playgroundUITestsLaunchTests.swift in Sources */,
			);
			runOnlyForDeploymentPostprocessing = 0;
		};
/* End PBXSourcesBuildPhase section */

/* Begin PBXTargetDependency section */
		88FD686B2B340D5400ACF4F6 /* PBXTargetDependency */ = {
			isa = PBXTargetDependency;
			target = 88FD68582B340D5100ACF4F6 /* swiftUI-playground */;
			targetProxy = 88FD686A2B340D5400ACF4F6 /* PBXContainerItemProxy */;
		};
		88FD68752B340D5400ACF4F6 /* PBXTargetDependency */ = {
			isa = PBXTargetDependency;
			target = 88FD68582B340D5100ACF4F6 /* swiftUI-playground */;
			targetProxy = 88FD68742B340D5400ACF4F6 /* PBXContainerItemProxy */;
		};
/* End PBXTargetDependency section */

/* Begin XCBuildConfiguration section */
		88FD687B2B340D5400ACF4F6 /* Debug */ = {
			isa = XCBuildConfiguration;
			buildSettings = {
				ALWAYS_SEARCH_USER_PATHS = NO;
				ASSETCATALOG_COMPILER_GENERATE_SWIFT_ASSET_SYMBOL_EXTENSIONS = YES;
				CLANG_ANALYZER_NONNULL = YES;
				CLANG_ANALYZER_NUMBER_OBJECT_CONVERSION = YES_AGGRESSIVE;
				CLANG_CXX_LANGUAGE_STANDARD = "gnu++20";
				CLANG_ENABLE_MODULES = YES;
				CLANG_ENABLE_OBJC_ARC = YES;
				CLANG_ENABLE_OBJC_WEAK = YES;
				CLANG_WARN_BLOCK_CAPTURE_AUTORELEASING = YES;
				CLANG_WARN_BOOL_CONVERSION = YES;
				CLANG_WARN_COMMA = YES;
				CLANG_WARN_CONSTANT_CONVERSION = YES;
				CLANG_WARN_DEPRECATED_OBJC_IMPLEMENTATIONS = YES;
				CLANG_WARN_DIRECT_OBJC_ISA_USAGE = YES_ERROR;
				CLANG_WARN_DOCUMENTATION_COMMENTS = YES;
				CLANG_WARN_EMPTY_BODY = YES;
				CLANG_WARN_ENUM_CONVERSION = YES;
				CLANG_WARN_INFINITE_RECURSION = YES;
				CLANG_WARN_INT_CONVERSION = YES;
				CLANG_WARN_NON_LITERAL_NULL_CONVERSION = YES;
				CLANG_WARN_OBJC_IMPLICIT_RETAIN_SELF = YES;
				CLANG_WARN_OBJC_LITERAL_CONVERSION = YES;
				CLANG_WARN_OBJC_ROOT_CLASS = YES_ERROR;
				CLANG_WARN_QUOTED_INCLUDE_IN_FRAMEWORK_HEADER = YES;
				CLANG_WARN_RANGE_LOOP_ANALYSIS = YES;
				CLANG_WARN_STRICT_PROTOTYPES = YES;
				CLANG_WARN_SUSPICIOUS_MOVE = YES;
				CLANG_WARN_UNGUARDED_AVAILABILITY = YES_AGGRESSIVE;
				CLANG_WARN_UNREACHABLE_CODE = YES;
				CLANG_WARN__DUPLICATE_METHOD_MATCH = YES;
				COPY_PHASE_STRIP = NO;
				DEBUG_INFORMATION_FORMAT = dwarf;
				ENABLE_STRICT_OBJC_MSGSEND = YES;
				ENABLE_TESTABILITY = YES;
				ENABLE_USER_SCRIPT_SANDBOXING = YES;
				GCC_C_LANGUAGE_STANDARD = gnu17;
				GCC_DYNAMIC_NO_PIC = NO;
				GCC_NO_COMMON_BLOCKS = YES;
				GCC_OPTIMIZATION_LEVEL = 0;
				GCC_PREPROCESSOR_DEFINITIONS = (
					"DEBUG=1",
					"$(inherited)",
				);
				GCC_WARN_64_TO_32_BIT_CONVERSION = YES;
				GCC_WARN_ABOUT_RETURN_TYPE = YES_ERROR;
				GCC_WARN_UNDECLARED_SELECTOR = YES;
				GCC_WARN_UNINITIALIZED_AUTOS = YES_AGGRESSIVE;
				GCC_WARN_UNUSED_FUNCTION = YES;
				GCC_WARN_UNUSED_VARIABLE = YES;
				IPHONEOS_DEPLOYMENT_TARGET = 17.0;
				LOCALIZATION_PREFERS_STRING_CATALOGS = YES;
				MTL_ENABLE_DEBUG_INFO = INCLUDE_SOURCE;
				MTL_FAST_MATH = YES;
				ONLY_ACTIVE_ARCH = YES;
				SDKROOT = iphoneos;
				SWIFT_ACTIVE_COMPILATION_CONDITIONS = "DEBUG $(inherited)";
				SWIFT_OPTIMIZATION_LEVEL = "-Onone";
			};
			name = Debug;
		};
		88FD687C2B340D5400ACF4F6 /* Release */ = {
			isa = XCBuildConfiguration;
			buildSettings = {
				ALWAYS_SEARCH_USER_PATHS = NO;
				ASSETCATALOG_COMPILER_GENERATE_SWIFT_ASSET_SYMBOL_EXTENSIONS = YES;
				CLANG_ANALYZER_NONNULL = YES;
				CLANG_ANALYZER_NUMBER_OBJECT_CONVERSION = YES_AGGRESSIVE;
				CLANG_CXX_LANGUAGE_STANDARD = "gnu++20";
				CLANG_ENABLE_MODULES = YES;
				CLANG_ENABLE_OBJC_ARC = YES;
				CLANG_ENABLE_OBJC_WEAK = YES;
				CLANG_WARN_BLOCK_CAPTURE_AUTORELEASING = YES;
				CLANG_WARN_BOOL_CONVERSION = YES;
				CLANG_WARN_COMMA = YES;
				CLANG_WARN_CONSTANT_CONVERSION = YES;
				CLANG_WARN_DEPRECATED_OBJC_IMPLEMENTATIONS = YES;
				CLANG_WARN_DIRECT_OBJC_ISA_USAGE = YES_ERROR;
				CLANG_WARN_DOCUMENTATION_COMMENTS = YES;
				CLANG_WARN_EMPTY_BODY = YES;
				CLANG_WARN_ENUM_CONVERSION = YES;
				CLANG_WARN_INFINITE_RECURSION = YES;
				CLANG_WARN_INT_CONVERSION = YES;
				CLANG_WARN_NON_LITERAL_NULL_CONVERSION = YES;
				CLANG_WARN_OBJC_IMPLICIT_RETAIN_SELF = YES;
				CLANG_WARN_OBJC_LITERAL_CONVERSION = YES;
				CLANG_WARN_OBJC_ROOT_CLASS = YES_ERROR;
				CLANG_WARN_QUOTED_INCLUDE_IN_FRAMEWORK_HEADER = YES;
				CLANG_WARN_RANGE_LOOP_ANALYSIS = YES;
				CLANG_WARN_STRICT_PROTOTYPES = YES;
				CLANG_WARN_SUSPICIOUS_MOVE = YES;
				CLANG_WARN_UNGUARDED_AVAILABILITY = YES_AGGRESSIVE;
				CLANG_WARN_UNREACHABLE_CODE = YES;
				CLANG_WARN__DUPLICATE_METHOD_MATCH = YES;
				COPY_PHASE_STRIP = NO;
				DEBUG_INFORMATION_FORMAT = "dwarf-with-dsym";
				ENABLE_NS_ASSERTIONS = NO;
				ENABLE_STRICT_OBJC_MSGSEND = YES;
				ENABLE_USER_SCRIPT_SANDBOXING = YES;
				GCC_C_LANGUAGE_STANDARD = gnu17;
				GCC_NO_COMMON_BLOCKS = YES;
				GCC_WARN_64_TO_32_BIT_CONVERSION = YES;
				GCC_WARN_ABOUT_RETURN_TYPE = YES_ERROR;
				GCC_WARN_UNDECLARED_SELECTOR = YES;
				GCC_WARN_UNINITIALIZED_AUTOS = YES_AGGRESSIVE;
				GCC_WARN_UNUSED_FUNCTION = YES;
				GCC_WARN_UNUSED_VARIABLE = YES;
				IPHONEOS_DEPLOYMENT_TARGET = 17.0;
				LOCALIZATION_PREFERS_STRING_CATALOGS = YES;
				MTL_ENABLE_DEBUG_INFO = NO;
				MTL_FAST_MATH = YES;
				SDKROOT = iphoneos;
				SWIFT_COMPILATION_MODE = wholemodule;
				VALIDATE_PRODUCT = YES;
			};
			name = Release;
		};
		88FD687E2B340D5400ACF4F6 /* Debug */ = {
			isa = XCBuildConfiguration;
			buildSettings = {
				ASSETCATALOG_COMPILER_APPICON_NAME = AppIcon;
				ASSETCATALOG_COMPILER_GLOBAL_ACCENT_COLOR_NAME = AccentColor;
				CODE_SIGN_STYLE = Automatic;
				CURRENT_PROJECT_VERSION = 1;
				DEVELOPMENT_ASSET_PATHS = "\"swiftUI-playground/Preview Content\"";
				DEVELOPMENT_TEAM = 5JQS3FU5R6;
				ENABLE_PREVIEWS = YES;
				GENERATE_INFOPLIST_FILE = YES;
				INFOPLIST_KEY_UIApplicationSceneManifest_Generation = YES;
				INFOPLIST_KEY_UIApplicationSupportsIndirectInputEvents = YES;
				INFOPLIST_KEY_UILaunchScreen_Generation = YES;
				INFOPLIST_KEY_UISupportedInterfaceOrientations_iPad = "UIInterfaceOrientationPortrait UIInterfaceOrientationPortraitUpsideDown UIInterfaceOrientationLandscapeLeft UIInterfaceOrientationLandscapeRight";
				INFOPLIST_KEY_UISupportedInterfaceOrientations_iPhone = "UIInterfaceOrientationPortrait UIInterfaceOrientationLandscapeLeft UIInterfaceOrientationLandscapeRight";
				LD_RUNPATH_SEARCH_PATHS = (
					"$(inherited)",
					"@executable_path/Frameworks",
				);
				MARKETING_VERSION = 1.0;
				PRODUCT_BUNDLE_IDENTIFIER = "com.parkjju.swiftUI-playground";
				PRODUCT_NAME = "$(TARGET_NAME)";
				SWIFT_EMIT_LOC_STRINGS = YES;
				SWIFT_VERSION = 5.0;
				TARGETED_DEVICE_FAMILY = "1,2";
			};
			name = Debug;
		};
		88FD687F2B340D5400ACF4F6 /* Release */ = {
			isa = XCBuildConfiguration;
			buildSettings = {
				ASSETCATALOG_COMPILER_APPICON_NAME = AppIcon;
				ASSETCATALOG_COMPILER_GLOBAL_ACCENT_COLOR_NAME = AccentColor;
				CODE_SIGN_STYLE = Automatic;
				CURRENT_PROJECT_VERSION = 1;
				DEVELOPMENT_ASSET_PATHS = "\"swiftUI-playground/Preview Content\"";
				DEVELOPMENT_TEAM = 5JQS3FU5R6;
				ENABLE_PREVIEWS = YES;
				GENERATE_INFOPLIST_FILE = YES;
				INFOPLIST_KEY_UIApplicationSceneManifest_Generation = YES;
				INFOPLIST_KEY_UIApplicationSupportsIndirectInputEvents = YES;
				INFOPLIST_KEY_UILaunchScreen_Generation = YES;
				INFOPLIST_KEY_UISupportedInterfaceOrientations_iPad = "UIInterfaceOrientationPortrait UIInterfaceOrientationPortraitUpsideDown UIInterfaceOrientationLandscapeLeft UIInterfaceOrientationLandscapeRight";
				INFOPLIST_KEY_UISupportedInterfaceOrientations_iPhone = "UIInterfaceOrientationPortrait UIInterfaceOrientationLandscapeLeft UIInterfaceOrientationLandscapeRight";
				LD_RUNPATH_SEARCH_PATHS = (
					"$(inherited)",
					"@executable_path/Frameworks",
				);
				MARKETING_VERSION = 1.0;
				PRODUCT_BUNDLE_IDENTIFIER = "com.parkjju.swiftUI-playground";
				PRODUCT_NAME = "$(TARGET_NAME)";
				SWIFT_EMIT_LOC_STRINGS = YES;
				SWIFT_VERSION = 5.0;
				TARGETED_DEVICE_FAMILY = "1,2";
			};
			name = Release;
		};
		88FD68812B340D5400ACF4F6 /* Debug */ = {
			isa = XCBuildConfiguration;
			buildSettings = {
				ALWAYS_EMBED_SWIFT_STANDARD_LIBRARIES = YES;
				BUNDLE_LOADER = "$(TEST_HOST)";
				CODE_SIGN_STYLE = Automatic;
				CURRENT_PROJECT_VERSION = 1;
				DEVELOPMENT_TEAM = 5JQS3FU5R6;
				GENERATE_INFOPLIST_FILE = YES;
				IPHONEOS_DEPLOYMENT_TARGET = 17.0;
				MARKETING_VERSION = 1.0;
				PRODUCT_BUNDLE_IDENTIFIER = "com.parkjju.swiftUI-playgroundTests";
				PRODUCT_NAME = "$(TARGET_NAME)";
				SWIFT_EMIT_LOC_STRINGS = NO;
				SWIFT_VERSION = 5.0;
				TARGETED_DEVICE_FAMILY = "1,2";
				TEST_HOST = "$(BUILT_PRODUCTS_DIR)/swiftUI-playground.app/$(BUNDLE_EXECUTABLE_FOLDER_PATH)/swiftUI-playground";
			};
			name = Debug;
		};
		88FD68822B340D5400ACF4F6 /* Release */ = {
			isa = XCBuildConfiguration;
			buildSettings = {
				ALWAYS_EMBED_SWIFT_STANDARD_LIBRARIES = YES;
				BUNDLE_LOADER = "$(TEST_HOST)";
				CODE_SIGN_STYLE = Automatic;
				CURRENT_PROJECT_VERSION = 1;
				DEVELOPMENT_TEAM = 5JQS3FU5R6;
				GENERATE_INFOPLIST_FILE = YES;
				IPHONEOS_DEPLOYMENT_TARGET = 17.0;
				MARKETING_VERSION = 1.0;
				PRODUCT_BUNDLE_IDENTIFIER = "com.parkjju.swiftUI-playgroundTests";
				PRODUCT_NAME = "$(TARGET_NAME)";
				SWIFT_EMIT_LOC_STRINGS = NO;
				SWIFT_VERSION = 5.0;
				TARGETED_DEVICE_FAMILY = "1,2";
				TEST_HOST = "$(BUILT_PRODUCTS_DIR)/swiftUI-playground.app/$(BUNDLE_EXECUTABLE_FOLDER_PATH)/swiftUI-playground";
			};
			name = Release;
		};
		88FD68842B340D5400ACF4F6 /* Debug */ = {
			isa = XCBuildConfiguration;
			buildSettings = {
				ALWAYS_EMBED_SWIFT_STANDARD_LIBRARIES = YES;
				CODE_SIGN_STYLE = Automatic;
				CURRENT_PROJECT_VERSION = 1;
				DEVELOPMENT_TEAM = 5JQS3FU5R6;
				GENERATE_INFOPLIST_FILE = YES;
				MARKETING_VERSION = 1.0;
				PRODUCT_BUNDLE_IDENTIFIER = "com.parkjju.swiftUI-playgroundUITests";
				PRODUCT_NAME = "$(TARGET_NAME)";
				SWIFT_EMIT_LOC_STRINGS = NO;
				SWIFT_VERSION = 5.0;
				TARGETED_DEVICE_FAMILY = "1,2";
				TEST_TARGET_NAME = "swiftUI-playground";
			};
			name = Debug;
		};
		88FD68852B340D5400ACF4F6 /* Release */ = {
			isa = XCBuildConfiguration;
			buildSettings = {
				ALWAYS_EMBED_SWIFT_STANDARD_LIBRARIES = YES;
				CODE_SIGN_STYLE = Automatic;
				CURRENT_PROJECT_VERSION = 1;
				DEVELOPMENT_TEAM = 5JQS3FU5R6;
				GENERATE_INFOPLIST_FILE = YES;
				MARKETING_VERSION = 1.0;
				PRODUCT_BUNDLE_IDENTIFIER = "com.parkjju.swiftUI-playgroundUITests";
				PRODUCT_NAME = "$(TARGET_NAME)";
				SWIFT_EMIT_LOC_STRINGS = NO;
				SWIFT_VERSION = 5.0;
				TARGETED_DEVICE_FAMILY = "1,2";
				TEST_TARGET_NAME = "swiftUI-playground";
			};
			name = Release;
		};
/* End XCBuildConfiguration section */

/* Begin XCConfigurationList section */
		88FD68542B340D5100ACF4F6 /* Build configuration list for PBXProject "swiftUI-playground" */ = {
			isa = XCConfigurationList;
			buildConfigurations = (
				88FD687B2B340D5400ACF4F6 /* Debug */,
				88FD687C2B340D5400ACF4F6 /* Release */,
			);
			defaultConfigurationIsVisible = 0;
			defaultConfigurationName = Release;
		};
		88FD687D2B340D5400ACF4F6 /* Build configuration list for PBXNativeTarget "swiftUI-playground" */ = {
			isa = XCConfigurationList;
			buildConfigurations = (
				88FD687E2B340D5400ACF4F6 /* Debug */,
				88FD687F2B340D5400ACF4F6 /* Release */,
			);
			defaultConfigurationIsVisible = 0;
			defaultConfigurationName = Release;
		};
		88FD68802B340D5400ACF4F6 /* Build configuration list for PBXNativeTarget "swiftUI-playgroundTests" */ = {
			isa = XCConfigurationList;
			buildConfigurations = (
				88FD68812B340D5400ACF4F6 /* Debug */,
				88FD68822B340D5400ACF4F6 /* Release */,
			);
			defaultConfigurationIsVisible = 0;
			defaultConfigurationName = Release;
		};
		88FD68832B340D5400ACF4F6 /* Build configuration list for PBXNativeTarget "swiftUI-playgroundUITests" */ = {
			isa = XCConfigurationList;
			buildConfigurations = (
				88FD68842B340D5400ACF4F6 /* Debug */,
				88FD68852B340D5400ACF4F6 /* Release */,
			);
			defaultConfigurationIsVisible = 0;
			defaultConfigurationName = Release;
		};
/* End XCConfigurationList section */
	};
	rootObject = 88FD68512B340D5100ACF4F6 /* Project object */;
}
